
Microsoft Visual Studio Solution File, Format Version 12.00
# Visual Studio Version 16
VisualStudioVersion = 16.0.31112.23
MinimumVisualStudioVersion = 10.0.40219.1
Project("{FAE04EC0-301F-11D3-BF4B-00C04F79EFBC}") = "LocalSettingsJsonExtractor", "LocalSettingsJsonExtractor\LocalSettingsJsonExtractor.csproj", "{04A6462D-DFBA-4557-B69F-CE92A0CF852F}"
EndProject
Global
	GlobalSection(SolutionConfigurationPlatforms) = preSolution
		Debug|Any CPU = Debug|Any CPU
		Release|Any CPU = Release|Any CPU
	EndGlobalSection
	GlobalSection(ProjectConfigurationPlatforms) = postSolution
		{04A6462D-DFBA-4557-B69F-CE92A0CF852F}.Debug|Any CPU.ActiveCfg = Debug|Any CPU
		{04A6462D-DFBA-4557-B69F-CE92A0CF852F}.Debug|Any CPU.Build.0 = Debug|Any CPU
		{04A6462D-DFBA-4557-B69F-CE92A0CF852F}.Release|Any CPU.ActiveCfg = Release|Any CPU
		{04A6462D-DFBA-4557-B69F-CE92A0CF852F}.Release|Any CPU.Build.0 = Release|Any CPU
	EndGlobalSection
	GlobalSection(SolutionProperties) = preSolution
		HideSolutionNode = FALSE
	EndGlobalSection
	GlobalSection(ExtensibilityGlobals) = postSolution
		SolutionGuid = {B0A89B1D-965D-43C3-834D-CA166D274DBC}
	EndGlobalSection
EndGlobal
